
Microsoft Visual Studio Solution File, Format Version 12.00
# Visual Studio 2013
VisualStudioVersion = 12.0.31101.0
MinimumVisualStudioVersion = 10.0.40219.1
Project("{FAE04EC0-301F-11D3-BF4B-00C04F79EFBC}") = "OutlookAddIn1", "OutlookAddIn1\OutlookAddIn1.csproj", "{875E3BA9-075C-4A95-AB8D-74CB31D26F96}"
EndProject
Project("{930C7802-8A8C-48F9-8165-68863BCCD9DD}") = "MessageIDToolsSetup", "MessageIDToolsSetup\MessageIDToolsSetup.wixproj", "{79395DF0-4E6E-402A-B6CA-9454E4ED8551}"
EndProject
Project("{FAE04EC0-301F-11D3-BF4B-00C04F79EFBC}") = "OutlookAddIn2", "OutlookAddIn2\OutlookAddIn2.csproj", "{8B7F5D5F-E662-421E-9A2E-6452F90C2972}"
EndProject
Project("{FAE04EC0-301F-11D3-BF4B-00C04F79EFBC}") = "VSTOCustomActions", "VSTOCustomActions\VSTOCustomActions.csproj", "{E50D6416-C2FC-4E79-A795-C29D4C41740B}"
EndProject
Project("{FAE04EC0-301F-11D3-BF4B-00C04F79EFBC}") = "MessageIDToolsAddin", "MessageIDToolsAddin\MessageIDToolsAddin.csproj", "{3BF3EDE3-8FC1-4DAD-AD60-E5CA296B7EDB}"
EndProject
Global
	GlobalSection(SolutionConfigurationPlatforms) = preSolution
		Debug|Any CPU = Debug|Any CPU
		Debug|Mixed Platforms = Debug|Mixed Platforms
		Debug|x86 = Debug|x86
		Release|Any CPU = Release|Any CPU
		Release|Mixed Platforms = Release|Mixed Platforms
		Release|x86 = Release|x86
	EndGlobalSection
	GlobalSection(ProjectConfigurationPlatforms) = postSolution
		{875E3BA9-075C-4A95-AB8D-74CB31D26F96}.Debug|Any CPU.ActiveCfg = Debug|Any CPU
		{875E3BA9-075C-4A95-AB8D-74CB31D26F96}.Debug|Any CPU.Build.0 = Debug|Any CPU
		{875E3BA9-075C-4A95-AB8D-74CB31D26F96}.Debug|Mixed Platforms.ActiveCfg = Debug|Any CPU
		{875E3BA9-075C-4A95-AB8D-74CB31D26F96}.Debug|Mixed Platforms.Build.0 = Debug|Any CPU
		{875E3BA9-075C-4A95-AB8D-74CB31D26F96}.Debug|x86.ActiveCfg = Debug|Any CPU
		{875E3BA9-075C-4A95-AB8D-74CB31D26F96}.Release|Any CPU.ActiveCfg = Release|Any CPU
		{875E3BA9-075C-4A95-AB8D-74CB31D26F96}.Release|Any CPU.Build.0 = Release|Any CPU
		{875E3BA9-075C-4A95-AB8D-74CB31D26F96}.Release|Mixed Platforms.ActiveCfg = Release|Any CPU
		{875E3BA9-075C-4A95-AB8D-74CB31D26F96}.Release|Mixed Platforms.Build.0 = Release|Any CPU
		{875E3BA9-075C-4A95-AB8D-74CB31D26F96}.Release|x86.ActiveCfg = Release|Any CPU
		{79395DF0-4E6E-402A-B6CA-9454E4ED8551}.Debug|Any CPU.ActiveCfg = Debug|x86
		{79395DF0-4E6E-402A-B6CA-9454E4ED8551}.Debug|Mixed Platforms.ActiveCfg = Debug|x86
		{79395DF0-4E6E-402A-B6CA-9454E4ED8551}.Debug|Mixed Platforms.Build.0 = Debug|x86
		{79395DF0-4E6E-402A-B6CA-9454E4ED8551}.Debug|x86.ActiveCfg = Debug|x86
		{79395DF0-4E6E-402A-B6CA-9454E4ED8551}.Debug|x86.Build.0 = Debug|x86
		{79395DF0-4E6E-402A-B6CA-9454E4ED8551}.Release|Any CPU.ActiveCfg = Release|x86
		{79395DF0-4E6E-402A-B6CA-9454E4ED8551}.Release|Mixed Platforms.ActiveCfg = Release|x86
		{79395DF0-4E6E-402A-B6CA-9454E4ED8551}.Release|Mixed Platforms.Build.0 = Release|x86
		{79395DF0-4E6E-402A-B6CA-9454E4ED8551}.Release|x86.ActiveCfg = Release|x86
		{79395DF0-4E6E-402A-B6CA-9454E4ED8551}.Release|x86.Build.0 = Release|x86
		{8B7F5D5F-E662-421E-9A2E-6452F90C2972}.Debug|Any CPU.ActiveCfg = Debug|Any CPU
		{8B7F5D5F-E662-421E-9A2E-6452F90C2972}.Debug|Any CPU.Build.0 = Debug|Any CPU
		{8B7F5D5F-E662-421E-9A2E-6452F90C2972}.Debug|Mixed Platforms.ActiveCfg = Debug|Any CPU
		{8B7F5D5F-E662-421E-9A2E-6452F90C2972}.Debug|Mixed Platforms.Build.0 = Debug|Any CPU
		{8B7F5D5F-E662-421E-9A2E-6452F90C2972}.Debug|x86.ActiveCfg = Debug|Any CPU
		{8B7F5D5F-E662-421E-9A2E-6452F90C2972}.Release|Any CPU.ActiveCfg = Release|Any CPU
		{8B7F5D5F-E662-421E-9A2E-6452F90C2972}.Release|Any CPU.Build.0 = Release|Any CPU
		{8B7F5D5F-E662-421E-9A2E-6452F90C2972}.Release|Mixed Platforms.ActiveCfg = Release|Any CPU
		{8B7F5D5F-E662-421E-9A2E-6452F90C2972}.Release|Mixed Platforms.Build.0 = Release|Any CPU
		{8B7F5D5F-E662-421E-9A2E-6452F90C2972}.Release|x86.ActiveCfg = Release|Any CPU
		{E50D6416-C2FC-4E79-A795-C29D4C41740B}.Debug|Any CPU.ActiveCfg = Debug|x86
		{E50D6416-C2FC-4E79-A795-C29D4C41740B}.Debug|Mixed Platforms.ActiveCfg = Debug|x86
		{E50D6416-C2FC-4E79-A795-C29D4C41740B}.Debug|Mixed Platforms.Build.0 = Debug|x86
		{E50D6416-C2FC-4E79-A795-C29D4C41740B}.Debug|x86.ActiveCfg = Debug|x86
		{E50D6416-C2FC-4E79-A795-C29D4C41740B}.Debug|x86.Build.0 = Debug|x86
		{E50D6416-C2FC-4E79-A795-C29D4C41740B}.Release|Any CPU.ActiveCfg = Release|x86
		{E50D6416-C2FC-4E79-A795-C29D4C41740B}.Release|Mixed Platforms.ActiveCfg = Release|x86
		{E50D6416-C2FC-4E79-A795-C29D4C41740B}.Release|Mixed Platforms.Build.0 = Release|x86
		{E50D6416-C2FC-4E79-A795-C29D4C41740B}.Release|x86.ActiveCfg = Release|x86
		{E50D6416-C2FC-4E79-A795-C29D4C41740B}.Release|x86.Build.0 = Release|x86
		{3BF3EDE3-8FC1-4DAD-AD60-E5CA296B7EDB}.Debug|Any CPU.ActiveCfg = Debug|Any CPU
		{3BF3EDE3-8FC1-4DAD-AD60-E5CA296B7EDB}.Debug|Any CPU.Build.0 = Debug|Any CPU
		{3BF3EDE3-8FC1-4DAD-AD60-E5CA296B7EDB}.Debug|Mixed Platforms.ActiveCfg = Debug|Any CPU
		{3BF3EDE3-8FC1-4DAD-AD60-E5CA296B7EDB}.Debug|Mixed Platforms.Build.0 = Debug|Any CPU
		{3BF3EDE3-8FC1-4DAD-AD60-E5CA296B7EDB}.Debug|x86.ActiveCfg = Debug|Any CPU
		{3BF3EDE3-8FC1-4DAD-AD60-E5CA296B7EDB}.Release|Any CPU.ActiveCfg = Release|Any CPU
		{3BF3EDE3-8FC1-4DAD-AD60-E5CA296B7EDB}.Release|Any CPU.Build.0 = Release|Any CPU
		{3BF3EDE3-8FC1-4DAD-AD60-E5CA296B7EDB}.Release|Mixed Platforms.ActiveCfg = Release|Any CPU
		{3BF3EDE3-8FC1-4DAD-AD60-E5CA296B7EDB}.Release|Mixed Platforms.Build.0 = Release|Any CPU
		{3BF3EDE3-8FC1-4DAD-AD60-E5CA296B7EDB}.Release|x86.ActiveCfg = Release|Any CPU
	EndGlobalSection
	GlobalSection(SolutionProperties) = preSolution
		HideSolutionNode = FALSE
	EndGlobalSection
EndGlobal
